{
    "_readme": [
        "This file locks the dependencies of your project to a known state",
        "Read more about it at https://getcomposer.org/doc/01-basic-usage.md#installing-dependencies",
        "This file is @generated automatically"
    ],
    "content-hash": "b2318013a6013b5ff07cb94ad626e1cc",
    "packages": [
        {
            "name": "zohocrm/php-sdk",
            "version": "2.0.7",
            "source": {
                "type": "git",
                "url": "https://github.com/zoho/zcrm-php-sdk.git",
                "reference": "b92c7ef81f226ccae167f3df9b2d82b14ad4c4bc"
            },
            "dist": {
                "type": "zip",
                "url": "https://api.github.com/repos/zoho/zcrm-php-sdk/zipball/b92c7ef81f226ccae167f3df9b2d82b14ad4c4bc",
                "reference": "b92c7ef81f226ccae167f3df9b2d82b14ad4c4bc",
                "shasum": ""
            },
            "require": {
                "php": ">=5.6"
            },
            "require-dev": {
                "phpunit/phpunit": ">=5.7"
            },
            "type": "sdk",
            "autoload": {
                "psr-4": {
                    "zcrmsdk\\": "src/"
                }
            },
            "notification-url": "https://packagist.org/downloads/",
            "authors": [
                {
                    "name": "Zoho CRM API Team",
                    "email": "support@zohocrm.com",
                    "homepage": "https://www.zoho.com/crm/help/customer-support.html",
                    "role": "Developer"
                }
            ],
            "description": "Zoho CRM API SDK for PHP",
            "homepage": "https://github.com/zoho/zcrm-php-sdk",
            "time": "2019-11-20T14:54:14+00:00"
        }
    ],
    "packages-dev": [],
    "aliases": [],
    "minimum-stability": "stable",
    "stability-flags": [],
    "prefer-stable": false,
    "prefer-lowest": false,
    "platform": [],
    "platform-dev": []
}
